# @generated by Move, please check-in and do not edit manually.

[move]
version = 2
manifest_digest = "784615C81FFE761569FE8EE4D6754897517DB76612F429BFB1AE6BF8F26BC710"
deps_digest = "F8BBB0CCB2491CA29A3DF03D6F92277A4F3574266507ACD77214D37ECA3F3082"
dependencies = [
  { name = "Sui" },
]

[[move.package]]
name = "MoveStdlib"
source = { git = "https://github.com/MystenLabs/sui.git", rev = "framework/testnet", subdir = "crates/sui-framework/packages/move-stdlib" }

[[move.package]]
name = "Sui"
source = { git = "https://github.com/MystenLabs/sui.git", rev = "framework/testnet", subdir = "crates/sui-framework/packages/sui-framework" }

dependencies = [
  { name = "MoveStdlib" },
]

[move.toolchain-version]
compiler-version = "1.27.2"
edition = "legacy"
flavor = "sui"

[env]

[env.testnet]
chain-id = "4c78adac"
original-published-id = "0xf9bdf1267927824d41b6517a7e2ea9cf3b61aed564641de238ac41079fd9725c"
latest-published-id = "0xf9bdf1267927824d41b6517a7e2ea9cf3b61aed564641de238ac41079fd9725c"
published-version = "1"
